
Microsoft Visual Studio Solution File, Format Version 12.00
# Visual Studio Version 17
VisualStudioVersion = 17.4.33110.190
MinimumVisualStudioVersion = 10.0.40219.1
Project("{FAE04EC0-301F-11D3-BF4B-00C04F79EFBC}") = "Meedical", "Meedical\Meedical.csproj", "{75C4978B-54B8-4426-9B49-D09DD95B8617}"
EndProject
Global
	GlobalSection(SolutionConfigurationPlatforms) = preSolution
		Debug|Any CPU = Debug|Any CPU
		Release|Any CPU = Release|Any CPU
	EndGlobalSection
	GlobalSection(ProjectConfigurationPlatforms) = postSolution
		{75C4978B-54B8-4426-9B49-D09DD95B8617}.Debug|Any CPU.ActiveCfg = Debug|Any CPU
		{75C4978B-54B8-4426-9B49-D09DD95B8617}.Debug|Any CPU.Build.0 = Debug|Any CPU
		{75C4978B-54B8-4426-9B49-D09DD95B8617}.Release|Any CPU.ActiveCfg = Release|Any CPU
		{75C4978B-54B8-4426-9B49-D09DD95B8617}.Release|Any CPU.Build.0 = Release|Any CPU
	EndGlobalSection
	GlobalSection(SolutionProperties) = preSolution
		HideSolutionNode = FALSE
	EndGlobalSection
	GlobalSection(ExtensibilityGlobals) = postSolution
		SolutionGuid = {B0197AE4-26DA-4771-81AD-F028979DBC35}
	EndGlobalSection
EndGlobal
